{
  "../lib/fhenix-contracts": {
    "rev": "6dc59ffd338ffa4357dde98a107d9604ff10261d"
  },
  "../lib/openzeppelin-contracts": {
    "rev": "0fc8e4b5e2e4a6c31e17f1821ccc4bf76c4e22cd"
  },
  "lib/fhenix-contracts": {
    "tag": {
      "name": "v0.3.1",
      "rev": "00e1eb38e6adb1c28e97cd40d9095668930aee99"
    }
  },
  "lib/forge-std": {
    "tag": {
      "name": "v1.10.0",
      "rev": "8bbcf6e3f8f62f419e5429a0bd89331c85c37824"
    }
  },
  "lib/openzeppelin-contracts": {
    "tag": {
      "name": "v5.4.0",
      "rev": "c64a1edb67b6e3f4a15cca8909c9482ad33a02b0"
    }
  },
  "lib/v4-core": {
    "tag": {
      "name": "v4.0.0",
      "rev": "e50237c43811bd9b526eff40f26772152a42daba"
    }
  },
  "lib/v4-periphery": {
    "rev": "60cd93803ac2b7fa65fd6cd351fd5fd4cc8c9db5"
  }
}